// !$*UTF8*$!
{
	archiveVersion = 1;
	classes = {
	};
	objectVersion = 46;
	objects = {

/* Begin PBXBuildFile section */
		04D314B31D0AE9D300F1141B /* main.m in Sources */ = {isa = PBXBuildFile; fileRef = 04D314B21D0AE9D300F1141B /* main.m */; };
		04D314B61D0AE9D300F1141B /* AppDelegate.m in Sources */ = {isa = PBXBuildFile; fileRef = 04D314B51D0AE9D300F1141B /* AppDelegate.m */; };
		04D314B91D0AE9D300F1141B /* ViewController.m in Sources */ = {isa = PBXBuildFile; fileRef = 04D314B81D0AE9D300F1141B /* ViewController.m */; };
		04D314BC1D0AE9D300F1141B /* Main.storyboard in Resources */ = {isa = PBXBuildFile; fileRef = 04D314BA1D0AE9D300F1141B /* Main.storyboard */; };
		04D314BF1D0AE9D400F1141B /* ____demo.xcdatamodeld in Sources */ = {isa = PBXBuildFile; fileRef = 04D314BD1D0AE9D400F1141B /* ____demo.xcdatamodeld */; };
		04D314C11D0AE9D400F1141B /* Assets.xcassets in Resources */ = {isa = PBXBuildFile; fileRef = 04D314C01D0AE9D400F1141B /* Assets.xcassets */; };
		04D314C41D0AE9D400F1141B /* LaunchScreen.storyboard in Resources */ = {isa = PBXBuildFile; fileRef = 04D314C21D0AE9D400F1141B /* LaunchScreen.storyboard */; };
		04D314CF1D0AE9D400F1141B /* ____demoTests.m in Sources */ = {isa = PBXBuildFile; fileRef = 04D314CE1D0AE9D400F1141B /* ____demoTests.m */; };
/* End PBXBuildFile section */

/* Begin PBXContainerItemProxy section */
		04D314CB1D0AE9D400F1141B /* PBXContainerItemProxy */ = {
			isa = PBXContainerItemProxy;
			containerPortal = 04D314A61D0AE9D300F1141B /* Project object */;
			proxyType = 1;
			remoteGlobalIDString = 04D314AD1D0AE9D300F1141B;
			remoteInfo = "瀑布流.demo";
		};
/* End PBXContainerItemProxy section */

/* Begin PBXFileReference section */
		04D314AE1D0AE9D300F1141B /* 瀑布流.demo.app */ = {isa = PBXFileReference; explicitFileType = wrapper.application; includeInIndex = 0; path = "瀑布流.demo.app"; sourceTree = BUILT_PRODUCTS_DIR; };
		04D314B21D0AE9D300F1141B /* main.m */ = {isa = PBXFileReference; lastKnownFileType = sourcecode.c.objc; path = main.m; sourceTree = "<group>"; };
		04D314B41D0AE9D300F1141B /* AppDelegate.h */ = {isa = PBXFileReference; lastKnownFileType = sourcecode.c.h; path = AppDelegate.h; sourceTree = "<group>"; };
		04D314B51D0AE9D300F1141B /* AppDelegate.m */ = {isa = PBXFileReference; lastKnownFileType = sourcecode.c.objc; path = AppDelegate.m; sourceTree = "<group>"; };
		04D314B71D0AE9D300F1141B /* ViewController.h */ = {isa = PBXFileReference; lastKnownFileType = sourcecode.c.h; path = ViewController.h; sourceTree = "<group>"; };
		04D314B81D0AE9D300F1141B /* ViewController.m */ = {isa = PBXFileReference; lastKnownFileType = sourcecode.c.objc; path = ViewController.m; sourceTree = "<group>"; };
		04D314BB1D0AE9D300F1141B /* Base */ = {isa = PBXFileReference; lastKnownFileType = file.storyboard; name = Base; path = Base.lproj/Main.storyboard; sourceTree = "<group>"; };
		04D314BE1D0AE9D400F1141B /* ____demo.xcdatamodel */ = {isa = PBXFileReference; lastKnownFileType = wrapper.xcdatamodel; path = "____demo.xcdatamodel"; sourceTree = "<group>"; };
		04D314C01D0AE9D400F1141B /* Assets.xcassets */ = {isa = PBXFileReference; lastKnownFileType = folder.assetcatalog; path = Assets.xcassets; sourceTree = "<group>"; };
		04D314C31D0AE9D400F1141B /* Base */ = {isa = PBXFileReference; lastKnownFileType = file.storyboard; name = Base; path = Base.lproj/LaunchScreen.storyboard; sourceTree = "<group>"; };
		04D314C51D0AE9D400F1141B /* Info.plist */ = {isa = PBXFileReference; lastKnownFileType = text.plist.xml; path = Info.plist; sourceTree = "<group>"; };
		04D314CA1D0AE9D400F1141B /* 瀑布流.demoTests.xctest */ = {isa = PBXFileReference; explicitFileType = wrapper.cfbundle; includeInIndex = 0; path = "瀑布流.demoTests.xctest"; sourceTree = BUILT_PRODUCTS_DIR; };
		04D314CE1D0AE9D400F1141B /* ____demoTests.m */ = {isa = PBXFileReference; lastKnownFileType = sourcecode.c.objc; path = "____demoTests.m"; sourceTree = "<group>"; };
		04D314D01D0AE9D400F1141B /* Info.plist */ = {isa = PBXFileReference; lastKnownFileType = text.plist.xml; path = Info.plist; sourceTree = "<group>"; };
/* End PBXFileReference section */

/* Begin PBXFrameworksBuildPhase section */
		04D314AB1D0AE9D300F1141B /* Frameworks */ = {
			isa = PBXFrameworksBuildPhase;
			buildActionMask = 2147483647;
			files = (
			);
			runOnlyForDeploymentPostprocessing = 0;
		};
		04D314C71D0AE9D400F1141B /* Frameworks */ = {
			isa = PBXFrameworksBuildPhase;
			buildActionMask = 2147483647;
			files = (
			);
			runOnlyForDeploymentPostprocessing = 0;
		};
/* End PBXFrameworksBuildPhase section */

/* Begin PBXGroup section */
		04D314A51D0AE9D300F1141B = {
			isa = PBXGroup;
			children = (
				04D314B01D0AE9D300F1141B /* 瀑布流.demo */,
				04D314CD1D0AE9D400F1141B /* 瀑布流.demoTests */,
				04D314AF1D0AE9D300F1141B /* Products */,
			);
			sourceTree = "<group>";
		};
		04D314AF1D0AE9D300F1141B /* Products */ = {
			isa = PBXGroup;
			children = (
				04D314AE1D0AE9D300F1141B /* 瀑布流.demo.app */,
				04D314CA1D0AE9D400F1141B /* 瀑布流.demoTests.xctest */,
			);
			name = Products;
			sourceTree = "<group>";
		};
		04D314B01D0AE9D300F1141B /* 瀑布流.demo */ = {
			isa = PBXGroup;
			children = (
				04D314B41D0AE9D300F1141B /* AppDelegate.h */,
				04D314B51D0AE9D300F1141B /* AppDelegate.m */,
				04D314B71D0AE9D300F1141B /* ViewController.h */,
				04D314B81D0AE9D300F1141B /* ViewController.m */,
				04D314BA1D0AE9D300F1141B /* Main.storyboard */,
				04D314C01D0AE9D400F1141B /* Assets.xcassets */,
				04D314C21D0AE9D400F1141B /* LaunchScreen.storyboard */,
				04D314C51D0AE9D400F1141B /* Info.plist */,
				04D314BD1D0AE9D400F1141B /* ____demo.xcdatamodeld */,
				04D314B11D0AE9D300F1141B /* Supporting Files */,
			);
			path = "瀑布流.demo";
			sourceTree = "<group>";
		};
		04D314B11D0AE9D300F1141B /* Supporting Files */ = {
			isa = PBXGroup;
			children = (
				04D314B21D0AE9D300F1141B /* main.m */,
			);
			name = "Supporting Files";
			sourceTree = "<group>";
		};
		04D314CD1D0AE9D400F1141B /* 瀑布流.demoTests */ = {
			isa = PBXGroup;
			children = (
				04D314CE1D0AE9D400F1141B /* ____demoTests.m */,
				04D314D01D0AE9D400F1141B /* Info.plist */,
			);
			path = "瀑布流.demoTests";
			sourceTree = "<group>";
		};
/* End PBXGroup section */

/* Begin PBXNativeTarget section */
		04D314AD1D0AE9D300F1141B /* 瀑布流.demo */ = {
			isa = PBXNativeTarget;
			buildConfigurationList = 04D314D31D0AE9D400F1141B /* Build configuration list for PBXNativeTarget "瀑布流.demo" */;
			buildPhases = (
				04D314AA1D0AE9D300F1141B /* Sources */,
				04D314AB1D0AE9D300F1141B /* Frameworks */,
				04D314AC1D0AE9D300F1141B /* Resources */,
			);
			buildRules = (
			);
			dependencies = (
			);
			name = "瀑布流.demo";
			productName = "瀑布流.demo";
			productReference = 04D314AE1D0AE9D300F1141B /* 瀑布流.demo.app */;
			productType = "com.apple.product-type.application";
		};
		04D314C91D0AE9D400F1141B /* 瀑布流.demoTests */ = {
			isa = PBXNativeTarget;
			buildConfigurationList = 04D314D61D0AE9D400F1141B /* Build configuration list for PBXNativeTarget "瀑布流.demoTests" */;
			buildPhases = (
				04D314C61D0AE9D400F1141B /* Sources */,
				04D314C71D0AE9D400F1141B /* Frameworks */,
				04D314C81D0AE9D400F1141B /* Resources */,
			);
			buildRules = (
			);
			dependencies = (
				04D314CC1D0AE9D400F1141B /* PBXTargetDependency */,
			);
			name = "瀑布流.demoTests";
			productName = "瀑布流.demoTests";
			productReference = 04D314CA1D0AE9D400F1141B /* 瀑布流.demoTests.xctest */;
			productType = "com.apple.product-type.bundle.unit-test";
		};
/* End PBXNativeTarget section */

/* Begin PBXProject section */
		04D314A61D0AE9D300F1141B /* Project object */ = {
			isa = PBXProject;
			attributes = {
				LastUpgradeCheck = 0710;
				ORGANIZATIONNAME = Cijian.Wu;
				TargetAttributes = {
					04D314AD1D0AE9D300F1141B = {
						CreatedOnToolsVersion = 7.1;
					};
					04D314C91D0AE9D400F1141B = {
						CreatedOnToolsVersion = 7.1;
						TestTargetID = 04D314AD1D0AE9D300F1141B;
					};
				};
			};
			buildConfigurationList = 04D314A91D0AE9D300F1141B /* Build configuration list for PBXProject "瀑布流.demo" */;
			compatibilityVersion = "Xcode 3.2";
			developmentRegion = English;
			hasScannedForEncodings = 0;
			knownRegions = (
				en,
				Base,
			);
			mainGroup = 04D314A51D0AE9D300F1141B;
			productRefGroup = 04D314AF1D0AE9D300F1141B /* Products */;
			projectDirPath = "";
			projectRoot = "";
			targets = (
				04D314AD1D0AE9D300F1141B /* 瀑布流.demo */,
				04D314C91D0AE9D400F1141B /* 瀑布流.demoTests */,
			);
		};
/* End PBXProject section */

/* Begin PBXResourcesBuildPhase section */
		04D314AC1D0AE9D300F1141B /* Resources */ = {
			isa = PBXResourcesBuildPhase;
			buildActionMask = 2147483647;
			files = (
				04D314C41D0AE9D400F1141B /* LaunchScreen.storyboard in Resources */,
				04D314C11D0AE9D400F1141B /* Assets.xcassets in Resources */,
				04D314BC1D0AE9D300F1141B /* Main.storyboard in Resources */,
			);
			runOnlyForDeploymentPostprocessing = 0;
		};
		04D314C81D0AE9D400F1141B /* Resources */ = {
			isa = PBXResourcesBuildPhase;
			buildActionMask = 2147483647;
			files = (
			);
			runOnlyForDeploymentPostprocessing = 0;
		};
/* End PBXResourcesBuildPhase section */

/* Begin PBXSourcesBuildPhase section */
		04D314AA1D0AE9D300F1141B /* Sources */ = {
			isa = PBXSourcesBuildPhase;
			buildActionMask = 2147483647;
			files = (
				04D314B91D0AE9D300F1141B /* ViewController.m in Sources */,
				04D314B61D0AE9D300F1141B /* AppDelegate.m in Sources */,
				04D314BF1D0AE9D400F1141B /* ____demo.xcdatamodeld in Sources */,
				04D314B31D0AE9D300F1141B /* main.m in Sources */,
			);
			runOnlyForDeploymentPostprocessing = 0;
		};
		04D314C61D0AE9D400F1141B /* Sources */ = {
			isa = PBXSourcesBuildPhase;
			buildActionMask = 2147483647;
			files = (
				04D314CF1D0AE9D400F1141B /* ____demoTests.m in Sources */,
			);
			runOnlyForDeploymentPostprocessing = 0;
		};
/* End PBXSourcesBuildPhase section */

/* Begin PBXTargetDependency section */
		04D314CC1D0AE9D400F1141B /* PBXTargetDependency */ = {
			isa = PBXTargetDependency;
			target = 04D314AD1D0AE9D300F1141B /* 瀑布流.demo */;
			targetProxy = 04D314CB1D0AE9D400F1141B /* PBXContainerItemProxy */;
		};
/* End PBXTargetDependency section */

/* Begin PBXVariantGroup section */
		04D314BA1D0AE9D300F1141B /* Main.storyboard */ = {
			isa = PBXVariantGroup;
			children = (
				04D314BB1D0AE9D300F1141B /* Base */,
			);
			name = Main.storyboard;
			sourceTree = "<group>";
		};
		04D314C21D0AE9D400F1141B /* LaunchScreen.storyboard */ = {
			isa = PBXVariantGroup;
			children = (
				04D314C31D0AE9D400F1141B /* Base */,
			);
			name = LaunchScreen.storyboard;
			sourceTree = "<group>";
		};
/* End PBXVariantGroup section */

/* Begin XCBuildConfiguration section */
		04D314D11D0AE9D400F1141B /* Debug */ = {
			isa = XCBuildConfiguration;
			buildSettings = {
				ALWAYS_SEARCH_USER_PATHS = NO;
				CLANG_CXX_LANGUAGE_STANDARD = "gnu++0x";
				CLANG_CXX_LIBRARY = "libc++";
				CLANG_ENABLE_MODULES = YES;
				CLANG_ENABLE_OBJC_ARC = YES;
				CLANG_WARN_BOOL_CONVERSION = YES;
				CLANG_WARN_CONSTANT_CONVERSION = YES;
				CLANG_WARN_DIRECT_OBJC_ISA_USAGE = YES_ERROR;
				CLANG_WARN_EMPTY_BODY = YES;
				CLANG_WARN_ENUM_CONVERSION = YES;
				CLANG_WARN_INT_CONVERSION = YES;
				CLANG_WARN_OBJC_ROOT_CLASS = YES_ERROR;
				CLANG_WARN_UNREACHABLE_CODE = YES;
				CLANG_WARN__DUPLICATE_METHOD_MATCH = YES;
				"CODE_SIGN_IDENTITY[sdk=iphoneos*]" = "iPhone Developer";
				COPY_PHASE_STRIP = NO;
				DEBUG_INFORMATION_FORMAT = dwarf;
				ENABLE_STRICT_OBJC_MSGSEND = YES;
				ENABLE_TESTABILITY = YES;
				GCC_C_LANGUAGE_STANDARD = gnu99;
				GCC_DYNAMIC_NO_PIC = NO;
				GCC_NO_COMMON_BLOCKS = YES;
				GCC_OPTIMIZATION_LEVEL = 0;
				GCC_PREPROCESSOR_DEFINITIONS = (
					"DEBUG=1",
					"$(inherited)",
				);
				GCC_WARN_64_TO_32_BIT_CONVERSION = YES;
				GCC_WARN_ABOUT_RETURN_TYPE = YES_ERROR;
				GCC_WARN_UNDECLARED_SELECTOR = YES;
				GCC_WARN_UNINITIALIZED_AUTOS = YES_AGGRESSIVE;
				GCC_WARN_UNUSED_FUNCTION = YES;
				GCC_WARN_UNUSED_VARIABLE = YES;
				IPHONEOS_DEPLOYMENT_TARGET = 9.1;
				MTL_ENABLE_DEBUG_INFO = YES;
				ONLY_ACTIVE_ARCH = YES;
				SDKROOT = iphoneos;
			};
			name = Debug;
		};
		04D314D21D0AE9D400F1141B /* Release */ = {
			isa = XCBuildConfiguration;
			buildSettings = {
				ALWAYS_SEARCH_USER_PATHS = NO;
				CLANG_CXX_LANGUAGE_STANDARD = "gnu++0x";
				CLANG_CXX_LIBRARY = "libc++";
				CLANG_ENABLE_MODULES = YES;
				CLANG_ENABLE_OBJC_ARC = YES;
				CLANG_WARN_BOOL_CONVERSION = YES;
				CLANG_WARN_CONSTANT_CONVERSION = YES;
				CLANG_WARN_DIRECT_OBJC_ISA_USAGE = YES_ERROR;
				CLANG_WARN_EMPTY_BODY = YES;
				CLANG_WARN_ENUM_CONVERSION = YES;
				CLANG_WARN_INT_CONVERSION = YES;
				CLANG_WARN_OBJC_ROOT_CLASS = YES_ERROR;
				CLANG_WARN_UNREACHABLE_CODE = YES;
				CLANG_WARN__DUPLICATE_METHOD_MATCH = YES;
				"CODE_SIGN_IDENTITY[sdk=iphoneos*]" = "iPhone Developer";
				COPY_PHASE_STRIP = NO;
				DEBUG_INFORMATION_FORMAT = "dwarf-with-dsym";
				ENABLE_NS_ASSERTIONS = NO;
				ENABLE_STRICT_OBJC_MSGSEND = YES;
				GCC_C_LANGUAGE_STANDARD = gnu99;
				GCC_NO_COMMON_BLOCKS = YES;
				GCC_WARN_64_TO_32_BIT_CONVERSION = YES;
				GCC_WARN_ABOUT_RETURN_TYPE = YES_ERROR;
				GCC_WARN_UNDECLARED_SELECTOR = YES;
				GCC_WARN_UNINITIALIZED_AUTOS = YES_AGGRESSIVE;
				GCC_WARN_UNUSED_FUNCTION = YES;
				GCC_WARN_UNUSED_VARIABLE = YES;
				IPHONEOS_DEPLOYMENT_TARGET = 9.1;
				MTL_ENABLE_DEBUG_INFO = NO;
				SDKROOT = iphoneos;
				VALIDATE_PRODUCT = YES;
			};
			name = Release;
		};
		04D314D41D0AE9D400F1141B /* Debug */ = {
			isa = XCBuildConfiguration;
			buildSettings = {
				ASSETCATALOG_COMPILER_APPICON_NAME = AppIcon;
				INFOPLIST_FILE = "瀑布流.demo/Info.plist";
				LD_RUNPATH_SEARCH_PATHS = "$(inherited) @executable_path/Frameworks";
				PRODUCT_BUNDLE_IDENTIFIER = "CJ-Chris.----demo";
				PRODUCT_NAME = "$(TARGET_NAME)";
			};
			name = Debug;
		};
		04D314D51D0AE9D400F1141B /* Release */ = {
			isa = XCBuildConfiguration;
			buildSettings = {
				ASSETCATALOG_COMPILER_APPICON_NAME = AppIcon;
				INFOPLIST_FILE = "瀑布流.demo/Info.plist";
				LD_RUNPATH_SEARCH_PATHS = "$(inherited) @executable_path/Frameworks";
				PRODUCT_BUNDLE_IDENTIFIER = "CJ-Chris.----demo";
				PRODUCT_NAME = "$(TARGET_NAME)";
			};
			name = Release;
		};
		04D314D71D0AE9D400F1141B /* Debug */ = {
			isa = XCBuildConfiguration;
			buildSettings = {
				BUNDLE_LOADER = "$(TEST_HOST)";
				INFOPLIST_FILE = "瀑布流.demoTests/Info.plist";
				LD_RUNPATH_SEARCH_PATHS = "$(inherited) @executable_path/Frameworks @loader_path/Frameworks";
				PRODUCT_BUNDLE_IDENTIFIER = "CJ-Chris.----demoTests";
				PRODUCT_NAME = "$(TARGET_NAME)";
				TEST_HOST = "$(BUILT_PRODUCTS_DIR)/瀑布流.demo.app/瀑布流.demo";
			};
			name = Debug;
		};
		04D314D81D0AE9D400F1141B /* Release */ = {
			isa = XCBuildConfiguration;
			buildSettings = {
				BUNDLE_LOADER = "$(TEST_HOST)";
				INFOPLIST_FILE = "瀑布流.demoTests/Info.plist";
				LD_RUNPATH_SEARCH_PATHS = "$(inherited) @executable_path/Frameworks @loader_path/Frameworks";
				PRODUCT_BUNDLE_IDENTIFIER = "CJ-Chris.----demoTests";
				PRODUCT_NAME = "$(TARGET_NAME)";
				TEST_HOST = "$(BUILT_PRODUCTS_DIR)/瀑布流.demo.app/瀑布流.demo";
			};
			name = Release;
		};
/* End XCBuildConfiguration section */

/* Begin XCConfigurationList section */
		04D314A91D0AE9D300F1141B /* Build configuration list for PBXProject "瀑布流.demo" */ = {
			isa = XCConfigurationList;
			buildConfigurations = (
				04D314D11D0AE9D400F1141B /* Debug */,
				04D314D21D0AE9D400F1141B /* Release */,
			);
			defaultConfigurationIsVisible = 0;
			defaultConfigurationName = Release;
		};
		04D314D31D0AE9D400F1141B /* Build configuration list for PBXNativeTarget "瀑布流.demo" */ = {
			isa = XCConfigurationList;
			buildConfigurations = (
				04D314D41D0AE9D400F1141B /* Debug */,
				04D314D51D0AE9D400F1141B /* Release */,
			);
			defaultConfigurationIsVisible = 0;
		};
		04D314D61D0AE9D400F1141B /* Build configuration list for PBXNativeTarget "瀑布流.demoTests" */ = {
			isa = XCConfigurationList;
			buildConfigurations = (
				04D314D71D0AE9D400F1141B /* Debug */,
				04D314D81D0AE9D400F1141B /* Release */,
			);
			defaultConfigurationIsVisible = 0;
		};
/* End XCConfigurationList section */

/* Begin XCVersionGroup section */
		04D314BD1D0AE9D400F1141B /* ____demo.xcdatamodeld */ = {
			isa = XCVersionGroup;
			children = (
				04D314BE1D0AE9D400F1141B /* ____demo.xcdatamodel */,
			);
			currentVersion = 04D314BE1D0AE9D400F1141B /* ____demo.xcdatamodel */;
			path = "____demo.xcdatamodeld";
			sourceTree = "<group>";
			versionGroupType = wrapper.xcdatamodel;
		};
/* End XCVersionGroup section */
	};
	rootObject = 04D314A61D0AE9D300F1141B /* Project object */;
}
